
Microsoft Visual Studio Solution File, Format Version 12.00
# Visual Studio Version 17
VisualStudioVersion = 17.5.002.0
MinimumVisualStudioVersion = 10.0.40219.1
Project("{9A19103F-16F7-4668-BE54-9A1E7A4F7556}") = "azure-function", "azure-function.csproj", "{8F45ADCF-50A9-4CF3-8F82-F31A9F039225}"
EndProject
Global
	GlobalSection(SolutionConfigurationPlatforms) = preSolution
		Debug|Any CPU = Debug|Any CPU
		Release|Any CPU = Release|Any CPU
	EndGlobalSection
	GlobalSection(ProjectConfigurationPlatforms) = postSolution
		{8F45ADCF-50A9-4CF3-8F82-F31A9F039225}.Debug|Any CPU.ActiveCfg = Debug|Any CPU
		{8F45ADCF-50A9-4CF3-8F82-F31A9F039225}.Debug|Any CPU.Build.0 = Debug|Any CPU
		{8F45ADCF-50A9-4CF3-8F82-F31A9F039225}.Release|Any CPU.ActiveCfg = Release|Any CPU
		{8F45ADCF-50A9-4CF3-8F82-F31A9F039225}.Release|Any CPU.Build.0 = Release|Any CPU
	EndGlobalSection
	GlobalSection(SolutionProperties) = preSolution
		HideSolutionNode = FALSE
	EndGlobalSection
	GlobalSection(ExtensibilityGlobals) = postSolution
		SolutionGuid = {63B12C93-DD51-495D-9A1B-EF297CB254E2}
	EndGlobalSection
EndGlobal
